
Microsoft Visual Studio Solution File, Format Version 12.00
# Visual Studio Version 17
VisualStudioVersion = 17.7.34024.191
MinimumVisualStudioVersion = 10.0.40219.1
Project("{FAE04EC0-301F-11D3-BF4B-00C04F79EFBC}") = "MessageChannel", "MessageChannel\MessageChannel.csproj", "{9B890F94-5D1D-4922-8D7A-CC3D8F100554}"
EndProject
Project("{FAE04EC0-301F-11D3-BF4B-00C04F79EFBC}") = "RequestRep", "RequestRep\RequestRep.csproj", "{B242990C-5CE1-40F3-B63E-C354BCE7B3B1}"
EndProject
Global
	GlobalSection(SolutionConfigurationPlatforms) = preSolution
		Debug|Any CPU = Debug|Any CPU
		Release|Any CPU = Release|Any CPU
	EndGlobalSection
	GlobalSection(ProjectConfigurationPlatforms) = postSolution
		{9B890F94-5D1D-4922-8D7A-CC3D8F100554}.Debug|Any CPU.ActiveCfg = Debug|Any CPU
		{9B890F94-5D1D-4922-8D7A-CC3D8F100554}.Debug|Any CPU.Build.0 = Debug|Any CPU
		{9B890F94-5D1D-4922-8D7A-CC3D8F100554}.Release|Any CPU.ActiveCfg = Release|Any CPU
		{9B890F94-5D1D-4922-8D7A-CC3D8F100554}.Release|Any CPU.Build.0 = Release|Any CPU
		{B242990C-5CE1-40F3-B63E-C354BCE7B3B1}.Debug|Any CPU.ActiveCfg = Debug|Any CPU
		{B242990C-5CE1-40F3-B63E-C354BCE7B3B1}.Debug|Any CPU.Build.0 = Debug|Any CPU
		{B242990C-5CE1-40F3-B63E-C354BCE7B3B1}.Release|Any CPU.ActiveCfg = Release|Any CPU
		{B242990C-5CE1-40F3-B63E-C354BCE7B3B1}.Release|Any CPU.Build.0 = Release|Any CPU
	EndGlobalSection
	GlobalSection(SolutionProperties) = preSolution
		HideSolutionNode = FALSE
	EndGlobalSection
	GlobalSection(ExtensibilityGlobals) = postSolution
		SolutionGuid = {82DEB099-C4E9-405B-9599-F0CBA23A72FE}
	EndGlobalSection
EndGlobal
